<?xml version="1.0" encoding="utf-8"?>
<Project ToolsVersion="4.0" xmlns="http://schemas.microsoft.com/developer/msbuild/2003">
  <ItemGroup>
    <Filter Include="CatolYeah">
      <UniqueIdentifier>{1FCBC4DF-8B35-7956-D473-2AFC401D57AB}</UniqueIdentifier>
    </Filter>
    <Filter Include="CatolYeah\Events">
      <UniqueIdentifier>{23DE8096-0FD7-9FE8-3809-856D24617FF4}</UniqueIdentifier>
    </Filter>
  </ItemGroup>
  <ItemGroup>
    <ClInclude Include="src\CatolYeah.h" />
    <ClInclude Include="src\CatolYeah\Application.h">
      <Filter>CatolYeah</Filter>
    </ClInclude>
    <ClInclude Include="src\CatolYeah\Core.h">
      <Filter>CatolYeah</Filter>
    </ClInclude>
    <ClInclude Include="src\CatolYeah\EntryPoint.h">
      <Filter>CatolYeah</Filter>
    </ClInclude>
    <ClInclude Include="src\CatolYeah\Events\ApplicationEvent.h">
      <Filter>CatolYeah\Events</Filter>
    </ClInclude>
    <ClInclude Include="src\CatolYeah\Events\Event.h">
      <Filter>CatolYeah\Events</Filter>
    </ClInclude>
    <ClInclude Include="src\CatolYeah\Events\KeyEvent.h">
      <Filter>CatolYeah\Events</Filter>
    </ClInclude>
    <ClInclude Include="src\CatolYeah\Events\MouseCodes.h">
      <Filter>CatolYeah\Events</Filter>
    </ClInclude>
    <ClInclude Include="src\CatolYeah\Events\MouseEvent.h">
      <Filter>CatolYeah\Events</Filter>
    </ClInclude>
    <ClInclude Include="src\CatolYeah\Logger.h">
      <Filter>CatolYeah</Filter>
    </ClInclude>
    <ClInclude Include="src\cypch.h" />
  </ItemGroup>
  <ItemGroup>
    <ClCompile Include="src\CatolYeah\Application.cpp">
      <Filter>CatolYeah</Filter>
    </ClCompile>
    <ClCompile Include="src\CatolYeah\Logger.cpp">
      <Filter>CatolYeah</Filter>
    </ClCompile>
    <ClCompile Include="src\cypch.cpp" />
  </ItemGroup>
</Project>