<?xml version="1.0" encoding="utf-8"?>
<Project ToolsVersion="4.0" xmlns="http://schemas.microsoft.com/developer/msbuild/2003">
  <ItemGroup>
    <Filter Include="CatolYeah">
      <UniqueIdentifier>{1FCBC4DF-8B35-7956-D473-2AFC401D57AB}</UniqueIdentifier>
    </Filter>
    <Filter Include="CatolYeah\Events">
      <UniqueIdentifier>{23DE8096-0FD7-9FE8-3809-856D24617FF4}</UniqueIdentifier>
    </Filter>
    <Filter Include="CatolYeah\ImGui">
      <UniqueIdentifier>{89DB46D6-F566-B49A-FE77-378F6A82109B}</UniqueIdentifier>
    </Filter>
    <Filter Include="CatolYeah\Renderer">
      <UniqueIdentifier>{A5012C31-91E5-EC86-FA45-E7D9E648D708}</UniqueIdentifier>
    </Filter>
    <Filter Include="Platform">
      <UniqueIdentifier>{2AC788B4-1694-E3BF-3FAD-D1672BD9184E}</UniqueIdentifier>
    </Filter>
    <Filter Include="Platform\OpenGL">
      <UniqueIdentifier>{1E7D2C1D-8A08-9AE1-9319-1DD6FF23F6E1}</UniqueIdentifier>
    </Filter>
    <Filter Include="Platform\Windows">
      <UniqueIdentifier>{64FBD71A-50F4-F66C-7926-DCF1657ED678}</UniqueIdentifier>
    </Filter>
  </ItemGroup>
  <ItemGroup>
    <ClInclude Include="src\CatolYeah.h" />
    <ClInclude Include="src\CatolYeah\Application.h">
      <Filter>CatolYeah</Filter>
    </ClInclude>
    <ClInclude Include="src\CatolYeah\Core.h">
      <Filter>CatolYeah</Filter>
    </ClInclude>
    <ClInclude Include="src\CatolYeah\EntryPoint.h">
      <Filter>CatolYeah</Filter>
    </ClInclude>
    <ClInclude Include="src\CatolYeah\Events\ApplicationEvent.h">
      <Filter>CatolYeah\Events</Filter>
    </ClInclude>
    <ClInclude Include="src\CatolYeah\Events\Event.h">
      <Filter>CatolYeah\Events</Filter>
    </ClInclude>
    <ClInclude Include="src\CatolYeah\Events\KeyEvent.h">
      <Filter>CatolYeah\Events</Filter>
    </ClInclude>
    <ClInclude Include="src\CatolYeah\Events\MouseEvent.h">
      <Filter>CatolYeah\Events</Filter>
    </ClInclude>
    <ClInclude Include="src\CatolYeah\ImGui\ImGuiLayer.h">
      <Filter>CatolYeah\ImGui</Filter>
    </ClInclude>
    <ClInclude Include="src\CatolYeah\Input.h">
      <Filter>CatolYeah</Filter>
    </ClInclude>
    <ClInclude Include="src\CatolYeah\KeyCodes.h">
      <Filter>CatolYeah</Filter>
    </ClInclude>
    <ClInclude Include="src\CatolYeah\Layer.h">
      <Filter>CatolYeah</Filter>
    </ClInclude>
    <ClInclude Include="src\CatolYeah\LayerStack.h">
      <Filter>CatolYeah</Filter>
    </ClInclude>
    <ClInclude Include="src\CatolYeah\Logger.h">
      <Filter>CatolYeah</Filter>
    </ClInclude>
    <ClInclude Include="src\CatolYeah\MouseCodes.h">
      <Filter>CatolYeah</Filter>
    </ClInclude>
    <ClInclude Include="src\CatolYeah\Renderer\GraphicsContext.h">
      <Filter>CatolYeah\Renderer</Filter>
    </ClInclude>
    <ClInclude Include="src\CatolYeah\Window.h">
      <Filter>CatolYeah</Filter>
    </ClInclude>
    <ClInclude Include="src\Platform\OpenGL\OpenGLContext.h">
      <Filter>Platform\OpenGL</Filter>
    </ClInclude>
    <ClInclude Include="src\Platform\Windows\WindowsInput.h">
      <Filter>Platform\Windows</Filter>
    </ClInclude>
    <ClInclude Include="src\Platform\Windows\WindowsWindow.h">
      <Filter>Platform\Windows</Filter>
    </ClInclude>
    <ClInclude Include="src\cypch.h" />
    <ClInclude Include="src\Platform\OpenGL\OpenGLShader.h" />
    <ClInclude Include="src\CatolYeah\Renderer\Shader.h" />
    <ClInclude Include="src\CatolYeah\Renderer\VertexBuffer.h" />
    <ClInclude Include="src\CatolYeah\Renderer\IndexBuffer.h" />
    <ClInclude Include="src\Platform\OpenGL\OpenGLVertexBuffer.h" />
    <ClInclude Include="src\Platform\OpenGL\OpenGLCommon.h" />
    <ClInclude Include="src\Platform\OpenGL\OpenGLIndexBuffer.h" />
    <ClInclude Include="src\CatolYeah\Renderer\Renderer.h" />
    <ClInclude Include="src\CatolYeah\Renderer\VertexBufferLayout.h" />
  </ItemGroup>
  <ItemGroup>
    <ClCompile Include="src\CatolYeah\Application.cpp">
      <Filter>CatolYeah</Filter>
    </ClCompile>
    <ClCompile Include="src\CatolYeah\ImGui\ImGuiBuild.cpp">
      <Filter>CatolYeah\ImGui</Filter>
    </ClCompile>
    <ClCompile Include="src\CatolYeah\ImGui\ImGuiLayer.cpp">
      <Filter>CatolYeah\ImGui</Filter>
    </ClCompile>
    <ClCompile Include="src\CatolYeah\Layer.cpp">
      <Filter>CatolYeah</Filter>
    </ClCompile>
    <ClCompile Include="src\CatolYeah\LayerStack.cpp">
      <Filter>CatolYeah</Filter>
    </ClCompile>
    <ClCompile Include="src\CatolYeah\Logger.cpp">
      <Filter>CatolYeah</Filter>
    </ClCompile>
    <ClCompile Include="src\Platform\OpenGL\OpenGLContext.cpp">
      <Filter>Platform\OpenGL</Filter>
    </ClCompile>
    <ClCompile Include="src\Platform\Windows\WindowsInput.cpp">
      <Filter>Platform\Windows</Filter>
    </ClCompile>
    <ClCompile Include="src\Platform\Windows\WindowsWindow.cpp">
      <Filter>Platform\Windows</Filter>
    </ClCompile>
    <ClCompile Include="src\cypch.cpp" />
    <ClCompile Include="src\Platform\OpenGL\OpenGLShader.cpp" />
    <ClCompile Include="src\Platform\OpenGL\OpenGLVertexBuffer.cpp" />
    <ClCompile Include="src\Platform\OpenGL\OpenGLCommon.cpp" />
    <ClCompile Include="src\CatolYeah\Renderer\IndexBuffer.cpp" />
    <ClCompile Include="src\Platform\OpenGL\OpenGLIndexBuffer.cpp" />
    <ClCompile Include="src\CatolYeah\Renderer\Renderer.cpp" />
    <ClCompile Include="src\CatolYeah\Renderer\VertexBuffer.cpp" />
    <ClCompile Include="src\CatolYeah\Renderer\Shader.cpp" />
    <ClCompile Include="src\CatolYeah\Renderer\VertexBufferLayout.cpp" />
  </ItemGroup>
</Project>